
Microsoft Visual Studio Solution File, Format Version 12.00
# Visual Studio Version 17
VisualStudioVersion = 17.14.36603.0 d17.14
MinimumVisualStudioVersion = 10.0.40219.1
Project("{FAE04EC0-301F-11D3-BF4B-00C04F79EFBC}") = "VerificarPalindromoPalavraFrase", "VerificarPalindromoPalavraFrase\VerificarPalindromoPalavraFrase.csproj", "{912F2B27-B6C8-4C4D-940F-2FE59154A447}"
EndProject
Global
	GlobalSection(SolutionConfigurationPlatforms) = preSolution
		Debug|Any CPU = Debug|Any CPU
		Release|Any CPU = Release|Any CPU
	EndGlobalSection
	GlobalSection(ProjectConfigurationPlatforms) = postSolution
		{912F2B27-B6C8-4C4D-940F-2FE59154A447}.Debug|Any CPU.ActiveCfg = Debug|Any CPU
		{912F2B27-B6C8-4C4D-940F-2FE59154A447}.Debug|Any CPU.Build.0 = Debug|Any CPU
		{912F2B27-B6C8-4C4D-940F-2FE59154A447}.Release|Any CPU.ActiveCfg = Release|Any CPU
		{912F2B27-B6C8-4C4D-940F-2FE59154A447}.Release|Any CPU.Build.0 = Release|Any CPU
	EndGlobalSection
	GlobalSection(SolutionProperties) = preSolution
		HideSolutionNode = FALSE
	EndGlobalSection
	GlobalSection(ExtensibilityGlobals) = postSolution
		SolutionGuid = {76DD67F3-5931-4ABF-A4EA-AF6120FDCE82}
	EndGlobalSection
EndGlobal
